
Microsoft Visual Studio Solution File, Format Version 12.00
# Visual Studio 15
Project("{FAE04EC0-301F-11D3-BF4B-00C04F79EFBC}") = "MoreMountains.Feedbacks", "MoreMountains.Feedbacks.csproj", "{9B4E98DB-0B95-4423-0DD4-5C221548EE92}"
EndProject
Project("{FAE04EC0-301F-11D3-BF4B-00C04F79EFBC}") = "MoreMountains.CorgiEngine", "MoreMountains.CorgiEngine.csproj", "{881BEA2E-6239-3979-2139-9CD38F965959}"
EndProject
Project("{FAE04EC0-301F-11D3-BF4B-00C04F79EFBC}") = "MoreMountains.Tools", "MoreMountains.Tools.csproj", "{D3678F85-CE7A-AD3A-E2B1-21E14B9A93FC}"
EndProject
Project("{FAE04EC0-301F-11D3-BF4B-00C04F79EFBC}") = "MoreMountains.InventoryEngine", "MoreMountains.InventoryEngine.csproj", "{393A1A51-5652-F3AC-2D56-83B5DE0D8CC8}"
EndProject
Project("{FAE04EC0-301F-11D3-BF4B-00C04F79EFBC}") = "MoreMountains.Feedbacks.URP", "MoreMountains.Feedbacks.URP.csproj", "{A46B47CB-1FA1-EBB0-B5D9-7C4B3C1F81F3}"
EndProject
Project("{FAE04EC0-301F-11D3-BF4B-00C04F79EFBC}") = "MoreMountains.Feedbacks.NiceVibrations", "MoreMountains.Feedbacks.NiceVibrations.csproj", "{8A9C6930-0408-9301-0107-26F50C69E3FB}"
EndProject
Project("{FAE04EC0-301F-11D3-BF4B-00C04F79EFBC}") = "MoreMountains.Feedbacks.PostProcessing", "MoreMountains.Feedbacks.PostProcessing.csproj", "{D3791B7C-5631-C5D8-9938-3D5B8A2A255A}"
EndProject
Project("{FAE04EC0-301F-11D3-BF4B-00C04F79EFBC}") = "MoreMountains.Feedbacks.MMTools", "MoreMountains.Feedbacks.MMTools.csproj", "{0843518D-686D-E7F8-2466-06818E6EC4C9}"
EndProject
Project("{FAE04EC0-301F-11D3-BF4B-00C04F79EFBC}") = "MoreMountains.Feedbacks.TextMeshPro", "MoreMountains.Feedbacks.TextMeshPro.csproj", "{1505E755-87C6-A767-8CEA-03A5B34D138A}"
EndProject
Project("{FAE04EC0-301F-11D3-BF4B-00C04F79EFBC}") = "Assembly-CSharp", "Assembly-CSharp.csproj", "{1CA187D4-DE97-6612-CD07-5D8E87784A20}"
EndProject
Project("{FAE04EC0-301F-11D3-BF4B-00C04F79EFBC}") = "MoreMountains.Feedbacks.HDRP", "MoreMountains.Feedbacks.HDRP.csproj", "{C416C22E-8E1B-B263-6695-FE414F0D6F34}"
EndProject
Project("{FAE04EC0-301F-11D3-BF4B-00C04F79EFBC}") = "MoreMountains.Interface", "MoreMountains.Interface.csproj", "{7CA922FF-26BE-ADF8-CA61-417EEF1D98A4}"
EndProject
Project("{FAE04EC0-301F-11D3-BF4B-00C04F79EFBC}") = "MoreMountains.Feedbacks.Cinemachine", "MoreMountains.Feedbacks.Cinemachine.csproj", "{DD5D6685-7D29-4A87-2EAE-E7B007FCFA90}"
EndProject
Project("{FAE04EC0-301F-11D3-BF4B-00C04F79EFBC}") = "MoreMountains.Feedbacks.Authorizations", "MoreMountains.Feedbacks.Authorizations.csproj", "{5E54E9DD-41F4-303B-F285-3786A26543DE}"
EndProject
Project("{FAE04EC0-301F-11D3-BF4B-00C04F79EFBC}") = "MoreMountains.Tools.Editor", "MoreMountains.Tools.Editor.csproj", "{141F46F9-4713-3D2F-173E-76144EAC9759}"
EndProject
Project("{FAE04EC0-301F-11D3-BF4B-00C04F79EFBC}") = "MoreMountains.InventoryEngine.Editor", "MoreMountains.InventoryEngine.Editor.csproj", "{2201FAE3-81A1-23B5-FDEB-E295ECF80D7D}"
EndProject
Project("{FAE04EC0-301F-11D3-BF4B-00C04F79EFBC}") = "MoreMountains.Feedbacks.Editor", "MoreMountains.Feedbacks.Editor.csproj", "{08DDF3F7-6B22-F826-3B0F-0910CB8D3590}"
EndProject
Project("{FAE04EC0-301F-11D3-BF4B-00C04F79EFBC}") = "MoreMountains.CorgiEngine.Editor", "MoreMountains.CorgiEngine.Editor.csproj", "{D0C1824A-F358-D657-D99E-5A17E9B0FB12}"
EndProject
Project("{FAE04EC0-301F-11D3-BF4B-00C04F79EFBC}") = "MoreMountains.Interface.Editor", "MoreMountains.Interface.Editor.csproj", "{5D6FD76D-7CCF-00B4-5FBB-57EAAD6C8906}"
EndProject
Global
	GlobalSection(SolutionConfigurationPlatforms) = preSolution
		Debug|Any CPU = Debug|Any CPU
		Release|Any CPU = Release|Any CPU
	EndGlobalSection
	GlobalSection(ProjectConfigurationPlatforms) = postSolution
		{9B4E98DB-0B95-4423-0DD4-5C221548EE92}.Debug|Any CPU.ActiveCfg = Debug|Any CPU
		{9B4E98DB-0B95-4423-0DD4-5C221548EE92}.Debug|Any CPU.Build.0 = Debug|Any CPU
		{9B4E98DB-0B95-4423-0DD4-5C221548EE92}.Release|Any CPU.ActiveCfg = Release|Any CPU
		{9B4E98DB-0B95-4423-0DD4-5C221548EE92}.Release|Any CPU.Build.0 = Release|Any CPU
		{881BEA2E-6239-3979-2139-9CD38F965959}.Debug|Any CPU.ActiveCfg = Debug|Any CPU
		{881BEA2E-6239-3979-2139-9CD38F965959}.Debug|Any CPU.Build.0 = Debug|Any CPU
		{881BEA2E-6239-3979-2139-9CD38F965959}.Release|Any CPU.ActiveCfg = Release|Any CPU
		{881BEA2E-6239-3979-2139-9CD38F965959}.Release|Any CPU.Build.0 = Release|Any CPU
		{D3678F85-CE7A-AD3A-E2B1-21E14B9A93FC}.Debug|Any CPU.ActiveCfg = Debug|Any CPU
		{D3678F85-CE7A-AD3A-E2B1-21E14B9A93FC}.Debug|Any CPU.Build.0 = Debug|Any CPU
		{D3678F85-CE7A-AD3A-E2B1-21E14B9A93FC}.Release|Any CPU.ActiveCfg = Release|Any CPU
		{D3678F85-CE7A-AD3A-E2B1-21E14B9A93FC}.Release|Any CPU.Build.0 = Release|Any CPU
		{393A1A51-5652-F3AC-2D56-83B5DE0D8CC8}.Debug|Any CPU.ActiveCfg = Debug|Any CPU
		{393A1A51-5652-F3AC-2D56-83B5DE0D8CC8}.Debug|Any CPU.Build.0 = Debug|Any CPU
		{393A1A51-5652-F3AC-2D56-83B5DE0D8CC8}.Release|Any CPU.ActiveCfg = Release|Any CPU
		{393A1A51-5652-F3AC-2D56-83B5DE0D8CC8}.Release|Any CPU.Build.0 = Release|Any CPU
		{A46B47CB-1FA1-EBB0-B5D9-7C4B3C1F81F3}.Debug|Any CPU.ActiveCfg = Debug|Any CPU
		{A46B47CB-1FA1-EBB0-B5D9-7C4B3C1F81F3}.Debug|Any CPU.Build.0 = Debug|Any CPU
		{A46B47CB-1FA1-EBB0-B5D9-7C4B3C1F81F3}.Release|Any CPU.ActiveCfg = Release|Any CPU
		{A46B47CB-1FA1-EBB0-B5D9-7C4B3C1F81F3}.Release|Any CPU.Build.0 = Release|Any CPU
		{8A9C6930-0408-9301-0107-26F50C69E3FB}.Debug|Any CPU.ActiveCfg = Debug|Any CPU
		{8A9C6930-0408-9301-0107-26F50C69E3FB}.Debug|Any CPU.Build.0 = Debug|Any CPU
		{8A9C6930-0408-9301-0107-26F50C69E3FB}.Release|Any CPU.ActiveCfg = Release|Any CPU
		{8A9C6930-0408-9301-0107-26F50C69E3FB}.Release|Any CPU.Build.0 = Release|Any CPU
		{D3791B7C-5631-C5D8-9938-3D5B8A2A255A}.Debug|Any CPU.ActiveCfg = Debug|Any CPU
		{D3791B7C-5631-C5D8-9938-3D5B8A2A255A}.Debug|Any CPU.Build.0 = Debug|Any CPU
		{D3791B7C-5631-C5D8-9938-3D5B8A2A255A}.Release|Any CPU.ActiveCfg = Release|Any CPU
		{D3791B7C-5631-C5D8-9938-3D5B8A2A255A}.Release|Any CPU.Build.0 = Release|Any CPU
		{0843518D-686D-E7F8-2466-06818E6EC4C9}.Debug|Any CPU.ActiveCfg = Debug|Any CPU
		{0843518D-686D-E7F8-2466-06818E6EC4C9}.Debug|Any CPU.Build.0 = Debug|Any CPU
		{0843518D-686D-E7F8-2466-06818E6EC4C9}.Release|Any CPU.ActiveCfg = Release|Any CPU
		{0843518D-686D-E7F8-2466-06818E6EC4C9}.Release|Any CPU.Build.0 = Release|Any CPU
		{1505E755-87C6-A767-8CEA-03A5B34D138A}.Debug|Any CPU.ActiveCfg = Debug|Any CPU
		{1505E755-87C6-A767-8CEA-03A5B34D138A}.Debug|Any CPU.Build.0 = Debug|Any CPU
		{1505E755-87C6-A767-8CEA-03A5B34D138A}.Release|Any CPU.ActiveCfg = Release|Any CPU
		{1505E755-87C6-A767-8CEA-03A5B34D138A}.Release|Any CPU.Build.0 = Release|Any CPU
		{1CA187D4-DE97-6612-CD07-5D8E87784A20}.Debug|Any CPU.ActiveCfg = Debug|Any CPU
		{1CA187D4-DE97-6612-CD07-5D8E87784A20}.Debug|Any CPU.Build.0 = Debug|Any CPU
		{1CA187D4-DE97-6612-CD07-5D8E87784A20}.Release|Any CPU.ActiveCfg = Release|Any CPU
		{1CA187D4-DE97-6612-CD07-5D8E87784A20}.Release|Any CPU.Build.0 = Release|Any CPU
		{C416C22E-8E1B-B263-6695-FE414F0D6F34}.Debug|Any CPU.ActiveCfg = Debug|Any CPU
		{C416C22E-8E1B-B263-6695-FE414F0D6F34}.Debug|Any CPU.Build.0 = Debug|Any CPU
		{C416C22E-8E1B-B263-6695-FE414F0D6F34}.Release|Any CPU.ActiveCfg = Release|Any CPU
		{C416C22E-8E1B-B263-6695-FE414F0D6F34}.Release|Any CPU.Build.0 = Release|Any CPU
		{7CA922FF-26BE-ADF8-CA61-417EEF1D98A4}.Debug|Any CPU.ActiveCfg = Debug|Any CPU
		{7CA922FF-26BE-ADF8-CA61-417EEF1D98A4}.Debug|Any CPU.Build.0 = Debug|Any CPU
		{7CA922FF-26BE-ADF8-CA61-417EEF1D98A4}.Release|Any CPU.ActiveCfg = Release|Any CPU
		{7CA922FF-26BE-ADF8-CA61-417EEF1D98A4}.Release|Any CPU.Build.0 = Release|Any CPU
		{DD5D6685-7D29-4A87-2EAE-E7B007FCFA90}.Debug|Any CPU.ActiveCfg = Debug|Any CPU
		{DD5D6685-7D29-4A87-2EAE-E7B007FCFA90}.Debug|Any CPU.Build.0 = Debug|Any CPU
		{DD5D6685-7D29-4A87-2EAE-E7B007FCFA90}.Release|Any CPU.ActiveCfg = Release|Any CPU
		{DD5D6685-7D29-4A87-2EAE-E7B007FCFA90}.Release|Any CPU.Build.0 = Release|Any CPU
		{5E54E9DD-41F4-303B-F285-3786A26543DE}.Debug|Any CPU.ActiveCfg = Debug|Any CPU
		{5E54E9DD-41F4-303B-F285-3786A26543DE}.Debug|Any CPU.Build.0 = Debug|Any CPU
		{5E54E9DD-41F4-303B-F285-3786A26543DE}.Release|Any CPU.ActiveCfg = Release|Any CPU
		{5E54E9DD-41F4-303B-F285-3786A26543DE}.Release|Any CPU.Build.0 = Release|Any CPU
		{141F46F9-4713-3D2F-173E-76144EAC9759}.Debug|Any CPU.ActiveCfg = Debug|Any CPU
		{141F46F9-4713-3D2F-173E-76144EAC9759}.Debug|Any CPU.Build.0 = Debug|Any CPU
		{141F46F9-4713-3D2F-173E-76144EAC9759}.Release|Any CPU.ActiveCfg = Release|Any CPU
		{141F46F9-4713-3D2F-173E-76144EAC9759}.Release|Any CPU.Build.0 = Release|Any CPU
		{2201FAE3-81A1-23B5-FDEB-E295ECF80D7D}.Debug|Any CPU.ActiveCfg = Debug|Any CPU
		{2201FAE3-81A1-23B5-FDEB-E295ECF80D7D}.Debug|Any CPU.Build.0 = Debug|Any CPU
		{2201FAE3-81A1-23B5-FDEB-E295ECF80D7D}.Release|Any CPU.ActiveCfg = Release|Any CPU
		{2201FAE3-81A1-23B5-FDEB-E295ECF80D7D}.Release|Any CPU.Build.0 = Release|Any CPU
		{08DDF3F7-6B22-F826-3B0F-0910CB8D3590}.Debug|Any CPU.ActiveCfg = Debug|Any CPU
		{08DDF3F7-6B22-F826-3B0F-0910CB8D3590}.Debug|Any CPU.Build.0 = Debug|Any CPU
		{08DDF3F7-6B22-F826-3B0F-0910CB8D3590}.Release|Any CPU.ActiveCfg = Release|Any CPU
		{08DDF3F7-6B22-F826-3B0F-0910CB8D3590}.Release|Any CPU.Build.0 = Release|Any CPU
		{D0C1824A-F358-D657-D99E-5A17E9B0FB12}.Debug|Any CPU.ActiveCfg = Debug|Any CPU
		{D0C1824A-F358-D657-D99E-5A17E9B0FB12}.Debug|Any CPU.Build.0 = Debug|Any CPU
		{D0C1824A-F358-D657-D99E-5A17E9B0FB12}.Release|Any CPU.ActiveCfg = Release|Any CPU
		{D0C1824A-F358-D657-D99E-5A17E9B0FB12}.Release|Any CPU.Build.0 = Release|Any CPU
		{5D6FD76D-7CCF-00B4-5FBB-57EAAD6C8906}.Debug|Any CPU.ActiveCfg = Debug|Any CPU
		{5D6FD76D-7CCF-00B4-5FBB-57EAAD6C8906}.Debug|Any CPU.Build.0 = Debug|Any CPU
		{5D6FD76D-7CCF-00B4-5FBB-57EAAD6C8906}.Release|Any CPU.ActiveCfg = Release|Any CPU
		{5D6FD76D-7CCF-00B4-5FBB-57EAAD6C8906}.Release|Any CPU.Build.0 = Release|Any CPU
	EndGlobalSection
	GlobalSection(SolutionProperties) = preSolution
		HideSolutionNode = FALSE
	EndGlobalSection
EndGlobal
